{
  "version": 4,
  "terraform_version": "1.9.7",
  "serial": 2,
  "lineage": "f0e3ec47-5fd6-89d8-99bd-16903e2ab2c7",
  "outputs": {
    "vpc_id": {
      "value": "vpc-096d8df628f744397",
      "type": "string"
    }
  },
  "resources": [
    {
      "module": "module.vpc",
      "mode": "managed",
      "type": "aws_vpc",
      "name": "modules_vpc",
      "provider": "provider[\"registry.terraform.io/hashicorp/aws\"]",
      "instances": [
        {
          "schema_version": 1,
          "attributes": {
            "arn": "arn:aws:ec2:us-east-2:211125395960:vpc/vpc-096d8df628f744397",
            "assign_generated_ipv6_cidr_block": false,
            "cidr_block": "10.0.0.0/16",
            "default_network_acl_id": "acl-0ef3c186e84fd36f1",
            "default_route_table_id": "rtb-0b8b35b4bb1328b7b",
            "default_security_group_id": "sg-09e7581f722a14dfe",
            "dhcp_options_id": "dopt-08a31e3e78d7fda0b",
            "enable_dns_hostnames": false,
            "enable_dns_support": true,
            "enable_network_address_usage_metrics": false,
            "id": "vpc-096d8df628f744397",
            "instance_tenancy": "default",
            "ipv4_ipam_pool_id": null,
            "ipv4_netmask_length": null,
            "ipv6_association_id": "",
            "ipv6_cidr_block": "",
            "ipv6_cidr_block_network_border_group": "",
            "ipv6_ipam_pool_id": "",
            "ipv6_netmask_length": 0,
            "main_route_table_id": "rtb-0b8b35b4bb1328b7b",
            "owner_id": "211125395960",
            "tags": {
              "Name": "development-vpc"
            },
            "tags_all": {
              "Name": "development-vpc"
            }
          },
          "sensitive_attributes": [],
          "private": "eyJzY2hlbWFfdmVyc2lvbiI6IjEifQ=="
        }
      ]
    }
  ],
  "check_results": null
}
